{
    "_readme": [
        "This file locks the dependencies of your project to a known state",
        "Read more about it at http://getcomposer.org/doc/01-basic-usage.md#composer-lock-the-lock-file",
        "This file is @generated automatically"
    ],
    "hash": "b95f893f6ea040fe34361f791354afe7",
    "packages": [
        {
            "name": "composer/installers",
            "version": "v1.0.19",
            "source": {
                "type": "git",
                "url": "https://github.com/composer/installers.git",
                "reference": "89d77bfbee79e16653f7162c86e602cc188471db"
            },
            "dist": {
                "type": "zip",
                "url": "https://api.github.com/repos/composer/installers/zipball/89d77bfbee79e16653f7162c86e602cc188471db",
                "reference": "89d77bfbee79e16653f7162c86e602cc188471db",
                "shasum": ""
            },
            "replace": {
                "roundcube/plugin-installer": "*",
                "shama/baton": "*"
            },
            "require-dev": {
                "composer/composer": "1.0.*@dev",
                "phpunit/phpunit": "4.1.*"
            },
            "type": "composer-installer",
            "extra": {
                "class": "Composer\\Installers\\Installer",
                "branch-alias": {
                    "dev-master": "1.0-dev"
                }
            },
            "autoload": {
                "psr-0": {
                    "Composer\\Installers\\": "src/"
                }
            },
            "notification-url": "https://packagist.org/downloads/",
            "license": [
                "MIT"
            ],
            "authors": [
                {
                    "name": "Kyle Robinson Young",
                    "email": "kyle@dontkry.com",
                    "homepage": "https://github.com/shama"
                }
            ],
            "description": "A multi-framework Composer library installer",
            "homepage": "http://composer.github.com/installers/",
            "keywords": [
                "Craft",
                "Dolibarr",
                "Hurad",
                "MODX Evo",
                "OXID",
                "Thelia",
                "WolfCMS",
                "agl",
                "annotatecms",
                "bitrix",
                "cakephp",
                "chef",
                "codeigniter",
                "concrete5",
                "croogo",
                "dokuwiki",
                "drupal",
                "elgg",
                "fuelphp",
                "grav",
                "installer",
                "joomla",
                "kohana",
                "laravel",
                "lithium",
                "magento",
                "mako",
                "mediawiki",
                "modulework",
                "moodle",
                "phpbb",
                "piwik",
                "ppi",
                "puppet",
                "roundcube",
                "shopware",
                "silverstripe",
                "symfony",
                "typo3",
                "wordpress",
                "zend",
                "zikula"
            ],
            "time": "2014-11-29 01:29:17"
        },
        {
            "name": "data-values/common",
            "version": "0.2.3",
            "source": {
                "type": "git",
                "url": "https://github.com/DataValues/Common.git",
                "reference": "c9f4dfd8af6337eb097d722b27fa76fa58dd441a"
            },
            "dist": {
                "type": "zip",
                "url": "https://api.github.com/repos/DataValues/Common/zipball/c9f4dfd8af6337eb097d722b27fa76fa58dd441a",
                "reference": "c9f4dfd8af6337eb097d722b27fa76fa58dd441a",
                "shasum": ""
            },
            "require": {
                "data-values/data-values": "~1.0|~0.1",
                "data-values/interfaces": "~0.1.4",
                "php": ">=5.3.0"
            },
            "type": "library",
            "extra": {
                "branch-alias": {
                    "dev-master": "0.2.x-dev"
                }
            },
            "autoload": {
                "files": [
                    "Common.php"
                ],
                "psr-0": {
                    "DataValues\\": "src",
                    "ValueFormatters\\": "src",
                    "ValueParsers\\": "src"
                },
                "classmap": [
                    "tests/ValueParsers"
                ]
            },
            "notification-url": "https://packagist.org/downloads/",
            "license": [
                "GPL-2.0+"
            ],
            "authors": [
                {
                    "name": "Jeroen De Dauw",
                    "email": "jeroendedauw@gmail.com",
                    "homepage": "http://jeroendedauw.com",
                    "role": "Developer"
                }
            ],
            "description": "Contains common implementations of the interfaces defined by DataValuesInterfaces",
            "homepage": "https://github.com/DataValues/Common",
            "keywords": [
                "datavalues",
                "valueformatters",
                "valueparsers",
                "valuevalidators",
                "wikidata"
            ],
            "time": "2014-10-09 18:21:19"
        },
        {
            "name": "data-values/data-values",
            "version": "1.0.0",
            "source": {
                "type": "git",
                "url": "https://github.com/DataValues/DataValues.git",
                "reference": "de2b9abdbc26c4c393b25aa621619dfe3fc10fdc"
            },
            "dist": {
                "type": "zip",
                "url": "https://api.github.com/repos/DataValues/DataValues/zipball/de2b9abdbc26c4c393b25aa621619dfe3fc10fdc",
                "reference": "de2b9abdbc26c4c393b25aa621619dfe3fc10fdc",
                "shasum": ""
            },
            "require": {
                "php": ">=5.3.0"
            },
            "replace": {
                "mediawiki/data-values": "*"
            },
            "type": "library",
            "extra": {
                "branch-alias": {
                    "dev-master": "1.0.x-dev"
                }
            },
            "autoload": {
                "files": [
                    "DataValues.php"
                ],
                "classmap": [
                    "src/interfaces",
                    "tests/phpunit/DataValueTest.php"
                ],
                "psr-0": {
                    "DataValues\\": "src/"
                }
            },
            "notification-url": "https://packagist.org/downloads/",
            "license": [
                "GPL-2.0+"
            ],
            "authors": [
                {
                    "name": "Jeroen De Dauw",
                    "email": "jeroendedauw@gmail.com",
                    "homepage": "http://jeroendedauw.com",
                    "role": "Developer"
                }
            ],
            "description": "Defines the DataValue interface and some trivial implementations",
            "homepage": "https://github.com/DataValues/DataValues",
            "keywords": [
                "datavalues",
                "wikibase",
                "wikidata"
            ],
            "time": "2014-09-26 07:02:27"
        },
        {
            "name": "data-values/interfaces",
            "version": "0.1.4",
            "source": {
                "type": "git",
                "url": "https://github.com/DataValues/Interfaces.git",
                "reference": "38a04aede894929d822001e5e8851f4a08454a89"
            },
            "dist": {
                "type": "zip",
                "url": "https://api.github.com/repos/DataValues/Interfaces/zipball/38a04aede894929d822001e5e8851f4a08454a89",
                "reference": "38a04aede894929d822001e5e8851f4a08454a89",
                "shasum": ""
            },
            "require": {
                "php": ">=5.3.0"
            },
            "type": "library",
            "autoload": {
                "files": [
                    "Interfaces.php"
                ],
                "psr-0": {
                    "ValueFormatters\\": "src",
                    "ValueParsers\\": "src",
                    "ValueValidators\\": "src"
                },
                "classmap": [
                    "tests/ValueFormatters/ValueFormatterTestBase.php"
                ]
            },
            "notification-url": "https://packagist.org/downloads/",
            "license": [
                "GPL-2.0+"
            ],
            "authors": [
                {
                    "name": "Jeroen De Dauw",
                    "email": "jeroendedauw@gmail.com",
                    "homepage": "http://jeroendedauw.com",
                    "role": "Developer"
                }
            ],
            "description": "Defines interfaces for ValueParsers, ValueFormatters and ValueValidators",
            "homepage": "https://github.com/DataValues/Interfaces",
            "keywords": [
                "datavalues",
                "valueformatters",
                "valueparsers",
                "valuevalidators",
                "wikidata"
            ],
            "time": "2014-04-14 08:17:48"
        },
        {
            "name": "data-values/validators",
            "version": "0.1.2",
            "source": {
                "type": "git",
                "url": "https://github.com/DataValues/Validators.git",
                "reference": "726f54fdc6bf58aa4f5405ae3d9c3f2b0f916141"
            },
            "dist": {
                "type": "zip",
                "url": "https://api.github.com/repos/DataValues/Validators/zipball/726f54fdc6bf58aa4f5405ae3d9c3f2b0f916141",
                "reference": "726f54fdc6bf58aa4f5405ae3d9c3f2b0f916141",
                "shasum": ""
            },
            "require": {
                "data-values/data-values": "~1.0|~0.1",
                "data-values/interfaces": "~0.1",
                "php": ">=5.3.0"
            },
            "type": "library",
            "extra": {
                "branch-alias": {
                    "dev-master": "0.1.x-dev"
                }
            },
            "autoload": {
                "files": [
                    "Validators.php"
                ],
                "psr-4": {
                    "ValueValidators\\": "src"
                }
            },
            "notification-url": "https://packagist.org/downloads/",
            "license": [
                "GPL-2.0+"
            ],
            "authors": [
                {
                    "name": "Jeroen De Dauw",
                    "email": "jeroendedauw@gmail.com",
                    "homepage": "http://jeroendedauw.com",
                    "role": "Developer"
                },
                {
                    "name": "The Wikidata team",
                    "role": "Developer"
                }
            ],
            "description": "Common ValueValidator implementations",
            "homepage": "https://github.com/DataValues/Validators",
            "keywords": [
                "datavalues",
                "validation",
                "validators",
                "valueformatters",
                "valueparsers",
                "wikidata"
            ],
            "time": "2014-10-09 19:10:23"
        },
        {
            "name": "mediawiki/parser-hooks",
            "version": "1.4",
            "source": {
                "type": "git",
                "url": "https://github.com/JeroenDeDauw/ParserHooks.git",
                "reference": "a088e150ab8876c1b4b204f3b7930231d1c0113a"
            },
            "dist": {
                "type": "zip",
                "url": "https://api.github.com/repos/JeroenDeDauw/ParserHooks/zipball/a088e150ab8876c1b4b204f3b7930231d1c0113a",
                "reference": "a088e150ab8876c1b4b204f3b7930231d1c0113a",
                "shasum": ""
            },
            "require": {
                "mediawiki/validator": "~2.0,>=2.0.4",
                "php": ">=5.3.0"
            },
            "type": "library",
            "extra": {
                "branch-alias": {
                    "dev-master": "1.3.x-dev"
                }
            },
            "autoload": {
                "files": [
                    "ParserHooks.php"
                ],
                "psr-4": {
                    "ParserHooks\\": "src/"
                }
            },
            "notification-url": "https://packagist.org/downloads/",
            "license": [
                "GPL-2.0+"
            ],
            "authors": [
                {
                    "name": "Jeroen De Dauw",
                    "email": "jeroendedauw@gmail.com",
                    "homepage": "http://jeroendedauw.com",
                    "role": "Developer"
                }
            ],
            "description": "Adds a OOP and declarative parser hook interface on top of MediaWiki",
            "homepage": "https://github.com/JeroenDeDauw/ParserHooks/blob/master/README.md",
            "keywords": [
                "mediawiki",
                "parser function",
                "parser hook",
                "parserhooks",
                "tag extension"
            ],
            "time": "2014-07-05 20:09:43"
        },
        {
            "name": "mediawiki/semantic-media-wiki",
            "version": "2.0",
            "source": {
                "type": "git",
                "url": "https://github.com/SemanticMediaWiki/SemanticMediaWiki.git",
                "reference": "b788a34b6e8d08ab4cec5f45e8a46a43c81fdb91"
            },
            "dist": {
                "type": "zip",
                "url": "https://api.github.com/repos/SemanticMediaWiki/SemanticMediaWiki/zipball/b788a34b6e8d08ab4cec5f45e8a46a43c81fdb91",
                "reference": "b788a34b6e8d08ab4cec5f45e8a46a43c81fdb91",
                "shasum": ""
            },
            "require": {
                "composer/installers": "1.*,>=1.0.1",
                "mediawiki/validator": "~2.0,>=2.0.4",
                "php": ">=5.3.0"
            },
            "replace": {
                "mediawiki/semantic-mediawiki": "*"
            },
            "type": "mediawiki-extension",
            "extra": {
                "branch-alias": {
                    "dev-master": "2.0.x-dev"
                }
            },
            "autoload": {
                "files": [
                    "SemanticMediaWiki.php"
                ],
                "classmap": [
                    "SemanticMediaWiki.hooks.php",
                    "includes/",
                    "languages/SMW_Language.php"
                ]
            },
            "notification-url": "https://packagist.org/downloads/",
            "license": [
                "GPL-2.0+"
            ],
            "authors": [
                {
                    "name": "Markus Krötzsch",
                    "homepage": "http://korrekt.org",
                    "role": "Original author"
                },
                {
                    "name": "Jeroen De Dauw",
                    "email": "jeroendedauw@gmail.com",
                    "homepage": "http://jeroendedauw.com",
                    "role": "Core developer"
                },
                {
                    "name": "James Hong Kong",
                    "homepage": "https://semantic-mediawiki.org/wiki/User:MWJames",
                    "role": "Core developer"
                }
            ],
            "description": "MediaWiki extension that lets you store and query structured data within wiki pages",
            "homepage": "https://semantic-mediawiki.org/wiki/",
            "keywords": [
                "SMW",
                "Semantic MediaWiki",
                "mediawiki",
                "wiki"
            ],
            "time": "2014-08-04 14:56:06"
        },
        {
            "name": "mediawiki/sub-page-list",
            "version": "1.1.1",
            "source": {
                "type": "git",
                "url": "https://github.com/JeroenDeDauw/SubPageList.git",
                "reference": "c45ac10c4b5e24a2c33f008703b81bdb6a19f8d6"
            },
            "dist": {
                "type": "zip",
                "url": "https://api.github.com/repos/JeroenDeDauw/SubPageList/zipball/c45ac10c4b5e24a2c33f008703b81bdb6a19f8d6",
                "reference": "c45ac10c4b5e24a2c33f008703b81bdb6a19f8d6",
                "shasum": ""
            },
            "require": {
                "composer/installers": ">=1.0.1",
                "mediawiki/parser-hooks": "~1.3",
                "php": ">=5.3.0"
            },
            "type": "mediawiki-extension",
            "extra": {
                "branch-alias": {
                    "dev-master": "1.1.x-dev"
                }
            },
            "autoload": {
                "files": [
                    "SubPageList.php"
                ],
                "psr-4": {
                    "SubPageList\\": "src/"
                }
            },
            "notification-url": "https://packagist.org/downloads/",
            "license": [
                "GPL-2.0+"
            ],
            "authors": [
                {
                    "name": "Jeroen De Dauw",
                    "email": "jeroendedauw@gmail.com",
                    "homepage": "http://jeroendedauw.com",
                    "role": "Developer"
                }
            ],
            "description": "SubPageList is a lightweight extension to display lists of subpages",
            "homepage": "https://github.com/JeroenDeDauw/SubPageList/blob/master/README.md",
            "keywords": [
                "SubPage",
                "SubPageList",
                "mediawiki"
            ],
            "time": "2014-06-25 22:11:07"
        },
        {
            "name": "mediawiki/validator",
            "version": "2.0.4",
            "source": {
                "type": "git",
                "url": "https://github.com/JeroenDeDauw/Validator.git",
                "reference": "57c6f20f8c0100865e4318b9e5277dd2c4331a0a"
            },
            "dist": {
                "type": "zip",
                "url": "https://api.github.com/repos/JeroenDeDauw/Validator/zipball/57c6f20f8c0100865e4318b9e5277dd2c4331a0a",
                "reference": "57c6f20f8c0100865e4318b9e5277dd2c4331a0a",
                "shasum": ""
            },
            "require": {
                "param-processor/param-processor": "~1.1",
                "php": ">=5.3.0"
            },
            "type": "mediawiki-extension",
            "extra": {
                "branch-alias": {
                    "dev-master": "2.0.x-dev"
                }
            },
            "autoload": {
                "files": [
                    "Validator.php"
                ],
                "psr-4": {
                    "ParamProcessor\\": "src/ParamProcessor/"
                },
                "classmap": [
                    "src/legacy/"
                ]
            },
            "notification-url": "https://packagist.org/downloads/",
            "license": [
                "GPL-2.0+"
            ],
            "authors": [
                {
                    "name": "Jeroen De Dauw",
                    "email": "jeroendedauw@gmail.com",
                    "homepage": "http://jeroendedauw.com",
                    "role": "Developer"
                }
            ],
            "description": "MediaWiki wrapper for the ParamProcessor library",
            "homepage": "https://github.com/JeroenDeDauw/Validator",
            "keywords": [
                "ParamProcessor",
                "SMW",
                "Semantic MediaWiki",
                "mediawiki",
                "validator"
            ],
            "time": "2014-06-25 21:40:08"
        },
        {
            "name": "param-processor/param-processor",
            "version": "1.2.2",
            "source": {
                "type": "git",
                "url": "https://github.com/JeroenDeDauw/ParamProcessor.git",
                "reference": "d046926ec7e3ef33e29c0ca3e4af3a92363376aa"
            },
            "dist": {
                "type": "zip",
                "url": "https://api.github.com/repos/JeroenDeDauw/ParamProcessor/zipball/d046926ec7e3ef33e29c0ca3e4af3a92363376aa",
                "reference": "d046926ec7e3ef33e29c0ca3e4af3a92363376aa",
                "shasum": ""
            },
            "require": {
                "data-values/common": "~0.2.2",
                "data-values/data-values": "~1.0|~0.1.1",
                "data-values/interfaces": "~0.1.4",
                "data-values/validators": "~0.1.1",
                "php": ">=5.3.0"
            },
            "type": "library",
            "extra": {
                "branch-alias": {
                    "dev-master": "1.2.x-dev"
                }
            },
            "autoload": {
                "psr-4": {
                    "ParamProcessor\\": "src"
                },
                "classmap": [
                    "tests/phpunit/Definitions/ParamDefinitionTest.php",
                    "tests/phpunit/Definitions/NumericParamTest.php"
                ],
                "files": [
                    "DefaultConfig.php"
                ]
            },
            "notification-url": "https://packagist.org/downloads/",
            "license": [
                "GPL-2.0+"
            ],
            "authors": [
                {
                    "name": "Jeroen De Dauw",
                    "email": "jeroendedauw@gmail.com",
                    "homepage": "http://jeroendedauw.com",
                    "role": "Developer"
                }
            ],
            "description": "Parameter processing library",
            "homepage": "https://github.com/JeroenDeDauw/ParamProcessor",
            "keywords": [
                "ParamProcessor",
                "SMW",
                "Semantic MediaWiki",
                "mediawiki",
                "validator"
            ],
            "time": "2014-10-24 16:04:12"
        }
    ],
    "packages-dev": [],
    "aliases": [],
    "minimum-stability": "stable",
    "stability-flags": [],
    "prefer-stable": false,
    "prefer-lowest": false,
    "platform": [],
    "platform-dev": []
}
