{
    "_readme": [
        "This file locks the dependencies of your project to a known state",
        "Read more about it at https://getcomposer.org/doc/01-basic-usage.md#composer-lock-the-lock-file",
        "This file is @generated automatically"
    ],
    "content-hash": "966bdf59a83fd3c6888a8af05d8bc547",
    "packages": [
        {
            "name": "composer/installers",
            "version": "v1.3.0",
            "source": {
                "type": "git",
                "url": "https://github.com/composer/installers.git",
                "reference": "79ad876c7498c0bbfe7eed065b8651c93bfd6045"
            },
            "dist": {
                "type": "zip",
                "url": "https://api.github.com/repos/composer/installers/zipball/79ad876c7498c0bbfe7eed065b8651c93bfd6045",
                "reference": "79ad876c7498c0bbfe7eed065b8651c93bfd6045",
                "shasum": ""
            },
            "require": {
                "composer-plugin-api": "^1.0"
            },
            "replace": {
                "roundcube/plugin-installer": "*",
                "shama/baton": "*"
            },
            "require-dev": {
                "composer/composer": "1.0.*@dev",
                "phpunit/phpunit": "4.1.*"
            },
            "type": "composer-plugin",
            "extra": {
                "class": "Composer\\Installers\\Plugin",
                "branch-alias": {
                    "dev-master": "1.0-dev"
                }
            },
            "autoload": {
                "psr-4": {
                    "Composer\\Installers\\": "src/Composer/Installers"
                }
            },
            "notification-url": "https://packagist.org/downloads/",
            "license": [
                "MIT"
            ],
            "authors": [
                {
                    "name": "Kyle Robinson Young",
                    "email": "kyle@dontkry.com",
                    "homepage": "https://github.com/shama"
                }
            ],
            "description": "A multi-framework Composer library installer",
            "homepage": "https://composer.github.io/installers/",
            "keywords": [
                "Craft",
                "Dolibarr",
                "Eliasis",
                "Hurad",
                "ImageCMS",
                "Kanboard",
                "MODX Evo",
                "Mautic",
                "Maya",
                "OXID",
                "Plentymarkets",
                "Porto",
                "RadPHP",
                "SMF",
                "Thelia",
                "WolfCMS",
                "agl",
                "aimeos",
                "annotatecms",
                "attogram",
                "bitrix",
                "cakephp",
                "chef",
                "cockpit",
                "codeigniter",
                "concrete5",
                "croogo",
                "dokuwiki",
                "drupal",
                "elgg",
                "expressionengine",
                "fuelphp",
                "grav",
                "installer",
                "itop",
                "joomla",
                "kohana",
                "laravel",
                "lavalite",
                "lithium",
                "magento",
                "mako",
                "mediawiki",
                "modulework",
                "moodle",
                "phpbb",
                "piwik",
                "ppi",
                "puppet",
                "reindex",
                "roundcube",
                "shopware",
                "silverstripe",
                "sydes",
                "symfony",
                "typo3",
                "wordpress",
                "yawik",
                "zend",
                "zikula"
            ],
            "time": "2017-04-24T06:37:16+00:00"
        },
        {
            "name": "data-values/common",
            "version": "0.3.1",
            "source": {
                "type": "git",
                "url": "https://github.com/DataValues/Common.git",
                "reference": "5d9d4bf902427a2a798ca273480f7dad825c72b5"
            },
            "dist": {
                "type": "zip",
                "url": "https://api.github.com/repos/DataValues/Common/zipball/5d9d4bf902427a2a798ca273480f7dad825c72b5",
                "reference": "5d9d4bf902427a2a798ca273480f7dad825c72b5",
                "shasum": ""
            },
            "require": {
                "data-values/data-values": "~1.0|~0.1",
                "data-values/interfaces": "~0.2.0|^0.1.5",
                "php": ">=5.3.0"
            },
            "type": "library",
            "extra": {
                "branch-alias": {
                    "dev-master": "0.3.x-dev"
                }
            },
            "autoload": {
                "files": [
                    "Common.php"
                ],
                "psr-4": {
                    "DataValues\\": "src/DataValues/",
                    "ValueFormatters\\": "src/ValueFormatters/",
                    "ValueParsers\\": "src/ValueParsers/"
                },
                "classmap": [
                    "tests/ValueParsers"
                ]
            },
            "notification-url": "https://packagist.org/downloads/",
            "license": [
                "GPL-2.0+"
            ],
            "authors": [
                {
                    "name": "Jeroen De Dauw",
                    "email": "jeroendedauw@gmail.com",
                    "homepage": "http://jeroendedauw.com",
                    "role": "Developer"
                }
            ],
            "description": "Contains common implementations of the interfaces defined by DataValuesInterfaces",
            "homepage": "https://github.com/DataValues/Common",
            "keywords": [
                "datavalues",
                "valueformatters",
                "valueparsers",
                "valuevalidators",
                "wikidata"
            ],
            "time": "2015-08-14T10:15:07+00:00"
        },
        {
            "name": "data-values/data-values",
            "version": "1.0.0",
            "source": {
                "type": "git",
                "url": "https://github.com/DataValues/DataValues.git",
                "reference": "de2b9abdbc26c4c393b25aa621619dfe3fc10fdc"
            },
            "dist": {
                "type": "zip",
                "url": "https://api.github.com/repos/DataValues/DataValues/zipball/de2b9abdbc26c4c393b25aa621619dfe3fc10fdc",
                "reference": "de2b9abdbc26c4c393b25aa621619dfe3fc10fdc",
                "shasum": ""
            },
            "require": {
                "php": ">=5.3.0"
            },
            "replace": {
                "mediawiki/data-values": "*"
            },
            "type": "library",
            "extra": {
                "branch-alias": {
                    "dev-master": "1.0.x-dev"
                }
            },
            "autoload": {
                "files": [
                    "DataValues.php"
                ],
                "classmap": [
                    "src/interfaces",
                    "tests/phpunit/DataValueTest.php"
                ],
                "psr-0": {
                    "DataValues\\": "src/"
                }
            },
            "notification-url": "https://packagist.org/downloads/",
            "license": [
                "GPL-2.0+"
            ],
            "authors": [
                {
                    "name": "Jeroen De Dauw",
                    "email": "jeroendedauw@gmail.com",
                    "homepage": "http://jeroendedauw.com",
                    "role": "Developer"
                }
            ],
            "description": "Defines the DataValue interface and some trivial implementations",
            "homepage": "https://github.com/DataValues/DataValues",
            "keywords": [
                "datavalues",
                "wikibase",
                "wikidata"
            ],
            "time": "2014-09-26T07:02:27+00:00"
        },
        {
            "name": "data-values/interfaces",
            "version": "0.2.2",
            "source": {
                "type": "git",
                "url": "https://github.com/DataValues/Interfaces.git",
                "reference": "aca19f44a3ea23efc5172ee9cb33a8f297b1ad43"
            },
            "dist": {
                "type": "zip",
                "url": "https://api.github.com/repos/DataValues/Interfaces/zipball/aca19f44a3ea23efc5172ee9cb33a8f297b1ad43",
                "reference": "aca19f44a3ea23efc5172ee9cb33a8f297b1ad43",
                "shasum": ""
            },
            "require": {
                "php": ">=5.3.0"
            },
            "type": "library",
            "autoload": {
                "files": [
                    "Interfaces.php"
                ],
                "psr-4": {
                    "ValueFormatters\\": "src/ValueFormatters/",
                    "ValueParsers\\": "src/ValueParsers/",
                    "ValueValidators\\": "src/ValueValidators/"
                },
                "classmap": [
                    "tests/ValueFormatters/ValueFormatterTestBase.php"
                ]
            },
            "notification-url": "https://packagist.org/downloads/",
            "license": [
                "GPL-2.0+"
            ],
            "authors": [
                {
                    "name": "Jeroen De Dauw",
                    "email": "jeroendedauw@gmail.com",
                    "homepage": "http://jeroendedauw.com",
                    "role": "Developer"
                }
            ],
            "description": "Defines interfaces for ValueParsers, ValueFormatters and ValueValidators",
            "homepage": "https://github.com/DataValues/Interfaces",
            "keywords": [
                "datavalues",
                "valueformatters",
                "valueparsers",
                "valuevalidators",
                "wikidata"
            ],
            "time": "2016-07-15T10:58:24+00:00"
        },
        {
            "name": "data-values/validators",
            "version": "0.1.2",
            "source": {
                "type": "git",
                "url": "https://github.com/DataValues/Validators.git",
                "reference": "726f54fdc6bf58aa4f5405ae3d9c3f2b0f916141"
            },
            "dist": {
                "type": "zip",
                "url": "https://api.github.com/repos/DataValues/Validators/zipball/726f54fdc6bf58aa4f5405ae3d9c3f2b0f916141",
                "reference": "726f54fdc6bf58aa4f5405ae3d9c3f2b0f916141",
                "shasum": ""
            },
            "require": {
                "data-values/data-values": "~1.0|~0.1",
                "data-values/interfaces": "~0.1",
                "php": ">=5.3.0"
            },
            "type": "library",
            "extra": {
                "branch-alias": {
                    "dev-master": "0.1.x-dev"
                }
            },
            "autoload": {
                "files": [
                    "Validators.php"
                ],
                "psr-4": {
                    "ValueValidators\\": "src"
                }
            },
            "notification-url": "https://packagist.org/downloads/",
            "license": [
                "GPL-2.0+"
            ],
            "authors": [
                {
                    "name": "Jeroen De Dauw",
                    "email": "jeroendedauw@gmail.com",
                    "homepage": "http://jeroendedauw.com",
                    "role": "Developer"
                },
                {
                    "name": "The Wikidata team",
                    "role": "Developer"
                }
            ],
            "description": "Common ValueValidator implementations",
            "homepage": "https://github.com/DataValues/Validators",
            "keywords": [
                "datavalues",
                "validation",
                "validators",
                "valueformatters",
                "valueparsers",
                "wikidata"
            ],
            "time": "2014-10-09T19:10:23+00:00"
        },
        {
            "name": "mediawiki/graph-viz",
            "version": "1.5.1",
            "source": {
                "type": "git",
                "url": "https://gerrit.wikimedia.org/r/p/mediawiki/extensions/GraphViz.git",
                "reference": "dd0d73ac2f88d74abb6129959c38f3ef26400c92"
            },
            "require": {
                "composer/installers": "1.*,>=1.0.1",
                "php": ">=5.3.0"
            },
            "suggest": {
                "mediawiki/image-map": "The ImageMap extension is required and is bundled with MediaWiki.  See https://www.mediawiki.org/wiki/Extension:ImageMap"
            },
            "type": "mediawiki-extension",
            "autoload": {
                "files": [
                    "GraphViz.php"
                ],
                "classmap": [
                    "GraphRenderParms.php",
                    "GraphViz_body.php",
                    "UploadLocalFile.php"
                ]
            },
            "notification-url": "https://packagist.org/downloads/",
            "license": [
                "GPL-2.0+"
            ],
            "description": "Online DOT graph renderer and message sequence chart renderer",
            "homepage": "https://www.mediawiki.org/wiki/Extension:GraphViz",
            "keywords": [
                "Mscgen",
                "dot",
                "graphviz",
                "mediawiki",
                "wiki"
            ],
            "time": "2015-01-24T23:59:21+00:00"
        },
        {
            "name": "mediawiki/parser-hooks",
            "version": "1.5.0",
            "source": {
                "type": "git",
                "url": "https://github.com/JeroenDeDauw/ParserHooks.git",
                "reference": "8139d79191e467d71139d53ac12bb4acb7b3963d"
            },
            "dist": {
                "type": "zip",
                "url": "https://api.github.com/repos/JeroenDeDauw/ParserHooks/zipball/8139d79191e467d71139d53ac12bb4acb7b3963d",
                "reference": "8139d79191e467d71139d53ac12bb4acb7b3963d",
                "shasum": ""
            },
            "require": {
                "param-processor/param-processor": "~1.2",
                "php": ">=5.3.0"
            },
            "type": "library",
            "extra": {
                "branch-alias": {
                    "dev-master": "1.5.x-dev"
                }
            },
            "autoload": {
                "files": [
                    "ParserHooks.php"
                ],
                "psr-4": {
                    "ParserHooks\\": "src/"
                }
            },
            "notification-url": "https://packagist.org/downloads/",
            "license": [
                "GPL-2.0+"
            ],
            "authors": [
                {
                    "name": "Jeroen De Dauw",
                    "email": "jeroendedauw@gmail.com",
                    "homepage": "https://www.entropywins.wtf"
                }
            ],
            "description": "Adds a OOP and declarative parser hook interface on top of MediaWiki",
            "homepage": "https://github.com/JeroenDeDauw/ParserHooks/blob/master/README.md",
            "keywords": [
                "mediawiki",
                "parser function",
                "parser hook",
                "parserhooks",
                "tag extension"
            ],
            "time": "2016-03-05T15:47:04+00:00"
        },
        {
            "name": "mediawiki/semantic-media-wiki",
            "version": "2.5.1",
            "source": {
                "type": "git",
                "url": "https://github.com/SemanticMediaWiki/SemanticMediaWiki.git",
                "reference": "568d058ea68859d134654a959001ba0739c781e3"
            },
            "dist": {
                "type": "zip",
                "url": "https://api.github.com/repos/SemanticMediaWiki/SemanticMediaWiki/zipball/568d058ea68859d134654a959001ba0739c781e3",
                "reference": "568d058ea68859d134654a959001ba0739c781e3",
                "shasum": ""
            },
            "require": {
                "composer/installers": "1.*,>=1.0.1",
                "ext-mbstring": "*",
                "mediawiki/parser-hooks": "~1.4",
                "onoi/blob-store": "~1.2",
                "onoi/cache": "~1.2",
                "onoi/callback-container": "~2.0",
                "onoi/event-dispatcher": "~1.0",
                "onoi/http-request": "~1.1",
                "onoi/message-reporter": "~1.0",
                "onoi/shared-resources": "~0.3",
                "onoi/tesa": "~0.1",
                "param-processor/param-processor": "~1.2",
                "php": ">=5.5.0",
                "psr/log": "~1.0",
                "serialization/serialization": "~3.2"
            },
            "replace": {
                "mediawiki/semantic-mediawiki": "*"
            },
            "require-dev": {
                "phpmd/phpmd": "~2.1",
                "squizlabs/php_codesniffer": "~2.1"
            },
            "suggest": {
                "mediawiki/semantic-result-formats": "Additional result formats for SMW queries"
            },
            "type": "mediawiki-extension",
            "extra": {
                "branch-alias": {
                    "dev-master": "2.5.x-dev"
                }
            },
            "autoload": {
                "psr-4": {
                    "SMW\\": "src/",
                    "SMW\\Maintenance\\": "maintenance/"
                },
                "files": [
                    "SemanticMediaWiki.php"
                ],
                "classmap": [
                    "includes/"
                ]
            },
            "notification-url": "https://packagist.org/downloads/",
            "license": [
                "GPL-2.0+"
            ],
            "authors": [
                {
                    "name": "Markus Krötzsch",
                    "homepage": "http://korrekt.org",
                    "role": "Original author"
                },
                {
                    "name": "Jeroen De Dauw",
                    "email": "jeroendedauw@gmail.com",
                    "homepage": "http://jeroendedauw.com",
                    "role": "Core developer"
                },
                {
                    "name": "James Hong Kong",
                    "homepage": "https://www.semantic-mediawiki.org/wiki/User:MWJames",
                    "role": "Core developer"
                }
            ],
            "description": "MediaWiki extension that lets you store and query structured data within wiki pages",
            "homepage": "https://www.semantic-mediawiki.org/wiki/",
            "keywords": [
                "SMW",
                "Semantic MediaWiki",
                "mediawiki",
                "wiki"
            ],
            "time": "2017-04-22T01:52:01+00:00"
        },
        {
            "name": "mediawiki/semantic-watchlist",
            "version": "1.0.0",
            "source": {
                "type": "git",
                "url": "https://github.com/SemanticMediaWiki/SemanticWatchlist.git",
                "reference": "de74a54baa586cc300152bc0ce304a89c059b932"
            },
            "dist": {
                "type": "zip",
                "url": "https://api.github.com/repos/SemanticMediaWiki/SemanticWatchlist/zipball/de74a54baa586cc300152bc0ce304a89c059b932",
                "reference": "de74a54baa586cc300152bc0ce304a89c059b932",
                "shasum": ""
            },
            "require": {
                "composer/installers": "1.*,>=1.0.1",
                "mediawiki/semantic-media-wiki": "~1.9|~2.0",
                "php": ">=5.3.0"
            },
            "type": "mediawiki-extension",
            "extra": {
                "branch-alias": {
                    "dev-master": "1.x-dev"
                }
            },
            "autoload": {
                "files": [
                    "SemanticWatchlist.php"
                ],
                "psr-4": {
                    "SWL\\": "src/"
                }
            },
            "notification-url": "https://packagist.org/downloads/",
            "license": [
                "GPL-3.0+"
            ],
            "authors": [
                {
                    "name": "Jeroen De Dauw",
                    "email": "jeroendedauw@gmail.com"
                }
            ],
            "description": "A Semantic MediaWiki extension that allows users to use a watchlist for semantic properties.",
            "homepage": "https://semantic-mediawiki.org/wiki/Extension:SemanticWatchlist",
            "keywords": [
                "SMW",
                "Semantic MediaWiki",
                "mediawiki",
                "wiki"
            ],
            "time": "2015-01-31T11:42:30+00:00"
        },
        {
            "name": "mediawiki/sub-page-list",
            "version": "1.1.2",
            "source": {
                "type": "git",
                "url": "https://github.com/JeroenDeDauw/SubPageList.git",
                "reference": "5acf4be54c1217b35934ef1a2ab698d28168ba57"
            },
            "dist": {
                "type": "zip",
                "url": "https://api.github.com/repos/JeroenDeDauw/SubPageList/zipball/5acf4be54c1217b35934ef1a2ab698d28168ba57",
                "reference": "5acf4be54c1217b35934ef1a2ab698d28168ba57",
                "shasum": ""
            },
            "require": {
                "composer/installers": ">=1.0.1",
                "mediawiki/parser-hooks": "~1.3",
                "php": ">=5.3.0"
            },
            "type": "mediawiki-extension",
            "extra": {
                "branch-alias": {
                    "dev-master": "1.2.x-dev"
                }
            },
            "autoload": {
                "files": [
                    "SubPageList.php"
                ],
                "psr-4": {
                    "SubPageList\\": "src/"
                }
            },
            "notification-url": "https://packagist.org/downloads/",
            "license": [
                "GPL-2.0+"
            ],
            "authors": [
                {
                    "name": "Jeroen De Dauw",
                    "email": "jeroendedauw@gmail.com",
                    "homepage": "http://jeroendedauw.com",
                    "role": "Developer"
                }
            ],
            "description": "SubPageList is a lightweight extension to display lists of subpages",
            "homepage": "https://github.com/JeroenDeDauw/SubPageList/blob/master/README.md",
            "keywords": [
                "SubPage",
                "SubPageList",
                "mediawiki"
            ],
            "time": "2015-01-31T20:15:41+00:00"
        },
        {
            "name": "onoi/blob-store",
            "version": "1.2.1",
            "source": {
                "type": "git",
                "url": "https://github.com/onoi/blob-store.git",
                "reference": "c3e1f15214977e904fc0e91e0480175a464977ce"
            },
            "dist": {
                "type": "zip",
                "url": "https://api.github.com/repos/onoi/blob-store/zipball/c3e1f15214977e904fc0e91e0480175a464977ce",
                "reference": "c3e1f15214977e904fc0e91e0480175a464977ce",
                "shasum": ""
            },
            "require": {
                "onoi/cache": "~1.1",
                "php": ">=5.3.2"
            },
            "type": "library",
            "extra": {
                "branch-alias": {
                    "dev-master": "1.x-dev"
                }
            },
            "autoload": {
                "psr-4": {
                    "Onoi\\BlobStore\\": "src/"
                }
            },
            "notification-url": "https://packagist.org/downloads/",
            "license": [
                "GPL-2.0+"
            ],
            "authors": [
                {
                    "name": "mwjames"
                }
            ],
            "description": "A simple interface to manage schema-free temporal persistent key/values",
            "homepage": "https://github.com/onoi/blob-store",
            "keywords": [
                "messages"
            ],
            "time": "2016-07-09T17:32:53+00:00"
        },
        {
            "name": "onoi/cache",
            "version": "1.2.0",
            "source": {
                "type": "git",
                "url": "https://github.com/onoi/cache.git",
                "reference": "ecc999186aab7c8db411aedd892b2e5fe5a0b422"
            },
            "dist": {
                "type": "zip",
                "url": "https://api.github.com/repos/onoi/cache/zipball/ecc999186aab7c8db411aedd892b2e5fe5a0b422",
                "reference": "ecc999186aab7c8db411aedd892b2e5fe5a0b422",
                "shasum": ""
            },
            "require": {
                "php": ">=5.3.2"
            },
            "type": "library",
            "extra": {
                "branch-alias": {
                    "dev-master": "1.x-dev"
                }
            },
            "autoload": {
                "psr-4": {
                    "Onoi\\Cache\\": "src/"
                }
            },
            "notification-url": "https://packagist.org/downloads/",
            "license": [
                "GPL-2.0+"
            ],
            "authors": [
                {
                    "name": "mwjames",
                    "homepage": "https://github.com/mwjames"
                }
            ],
            "description": "A minimalistic cache adapter interface library",
            "homepage": "https://github.com/onoi/cache",
            "keywords": [
                "cache"
            ],
            "time": "2015-06-02T08:52:45+00:00"
        },
        {
            "name": "onoi/callback-container",
            "version": "2.0.0",
            "source": {
                "type": "git",
                "url": "https://github.com/onoi/callback-container.git",
                "reference": "cf2f4dda1b2479bc786985fdb5554af528d03e52"
            },
            "dist": {
                "type": "zip",
                "url": "https://api.github.com/repos/onoi/callback-container/zipball/cf2f4dda1b2479bc786985fdb5554af528d03e52",
                "reference": "cf2f4dda1b2479bc786985fdb5554af528d03e52",
                "shasum": ""
            },
            "require": {
                "php": ">=5.5",
                "psr/log": "~1.0"
            },
            "type": "library",
            "extra": {
                "branch-alias": {
                    "dev-master": "2.x-dev"
                }
            },
            "autoload": {
                "psr-4": {
                    "Onoi\\CallbackContainer\\": "src/"
                }
            },
            "notification-url": "https://packagist.org/downloads/",
            "license": [
                "GPL-2.0+"
            ],
            "authors": [
                {
                    "name": "mwjames",
                    "homepage": "https://github.com/mwjames"
                }
            ],
            "description": "A very simple callback container/builder library",
            "homepage": "https://github.com/onoi/callback-container",
            "keywords": [
                "container"
            ],
            "time": "2017-02-18T10:46:46+00:00"
        },
        {
            "name": "onoi/event-dispatcher",
            "version": "1.0.0",
            "source": {
                "type": "git",
                "url": "https://github.com/onoi/event-dispatcher.git",
                "reference": "2ab3958a7c6341451afe4c31503d00d423b30b64"
            },
            "dist": {
                "type": "zip",
                "url": "https://api.github.com/repos/onoi/event-dispatcher/zipball/2ab3958a7c6341451afe4c31503d00d423b30b64",
                "reference": "2ab3958a7c6341451afe4c31503d00d423b30b64",
                "shasum": ""
            },
            "require": {
                "php": ">=5.3.2"
            },
            "type": "library",
            "extra": {
                "branch-alias": {
                    "dev-master": "1.x-dev"
                }
            },
            "autoload": {
                "psr-4": {
                    "Onoi\\EventDispatcher\\": "src/"
                }
            },
            "notification-url": "https://packagist.org/downloads/",
            "license": [
                "GPL-2.0+"
            ],
            "authors": [
                {
                    "name": "mwjames"
                }
            ],
            "description": "A minimalistic interface to relay generic events to registered listeners",
            "homepage": "https://github.com/onoi/event-dispatcher",
            "keywords": [
                "events",
                "listener"
            ],
            "time": "2015-03-25T23:19:55+00:00"
        },
        {
            "name": "onoi/http-request",
            "version": "1.3.1",
            "source": {
                "type": "git",
                "url": "https://github.com/onoi/http-request.git",
                "reference": "a7cf33bae82cffe570086fc06d6617e802c0cc74"
            },
            "dist": {
                "type": "zip",
                "url": "https://api.github.com/repos/onoi/http-request/zipball/a7cf33bae82cffe570086fc06d6617e802c0cc74",
                "reference": "a7cf33bae82cffe570086fc06d6617e802c0cc74",
                "shasum": ""
            },
            "require": {
                "onoi/cache": "~1.2",
                "php": ">=5.3.2"
            },
            "suggest": {
                "lib-curl": "Allows making CURL requests"
            },
            "type": "library",
            "extra": {
                "branch-alias": {
                    "dev-master": "1.x-dev"
                }
            },
            "autoload": {
                "psr-4": {
                    "Onoi\\HttpRequest\\": "src/"
                }
            },
            "notification-url": "https://packagist.org/downloads/",
            "license": [
                "GPL-2.0+"
            ],
            "authors": [
                {
                    "name": "mwjames",
                    "homepage": "https://github.com/mwjames"
                }
            ],
            "description": "A minimalistic http/curl request interface library",
            "homepage": "https://github.com/onoi/http-request",
            "keywords": [
                "curl",
                "http request"
            ],
            "time": "2017-01-14T16:25:41+00:00"
        },
        {
            "name": "onoi/message-reporter",
            "version": "1.2.0",
            "source": {
                "type": "git",
                "url": "https://github.com/onoi/message-reporter.git",
                "reference": "72a30b7ae393fed978bf6928a2e2440b1c0c0e93"
            },
            "dist": {
                "type": "zip",
                "url": "https://api.github.com/repos/onoi/message-reporter/zipball/72a30b7ae393fed978bf6928a2e2440b1c0c0e93",
                "reference": "72a30b7ae393fed978bf6928a2e2440b1c0c0e93",
                "shasum": ""
            },
            "require": {
                "php": ">=5.3.2"
            },
            "type": "library",
            "extra": {
                "branch-alias": {
                    "dev-master": "1.x-dev"
                }
            },
            "autoload": {
                "psr-4": {
                    "Onoi\\MessageReporter\\": "src/"
                }
            },
            "notification-url": "https://packagist.org/downloads/",
            "license": [
                "GPL-2.0+"
            ],
            "authors": [
                {
                    "name": "Jeroen De Dauw"
                },
                {
                    "name": "mwjames"
                }
            ],
            "description": "An interface to report and relay arbitrary messages to registered handlers",
            "homepage": "https://github.com/onoi/message-reporter",
            "keywords": [
                "messages"
            ],
            "time": "2016-08-02T04:16:55+00:00"
        },
        {
            "name": "onoi/shared-resources",
            "version": "0.4.3",
            "source": {
                "type": "git",
                "url": "https://github.com/onoi/shared-resources.git",
                "reference": "322273a7462eb0c15305dde9207138f00a387080"
            },
            "dist": {
                "type": "zip",
                "url": "https://api.github.com/repos/onoi/shared-resources/zipball/322273a7462eb0c15305dde9207138f00a387080",
                "reference": "322273a7462eb0c15305dde9207138f00a387080",
                "shasum": ""
            },
            "require": {
                "composer/installers": "1.*,>=1.0.1",
                "php": ">=5.3.0"
            },
            "type": "library",
            "extra": {
                "branch-alias": {
                    "dev-master": "1.x-dev"
                }
            },
            "autoload": {
                "files": [
                    "Resources.php"
                ]
            },
            "notification-url": "https://packagist.org/downloads/",
            "license": [
                "GPL-2.0+"
            ],
            "authors": [
                {
                    "name": "mwjames",
                    "role": "Developer"
                }
            ],
            "description": "Shareable and common resource modules",
            "homepage": "https://github.com/onoi/common-resources",
            "keywords": [
                "mediawiki"
            ],
            "time": "2017-04-23T15:14:49+00:00"
        },
        {
            "name": "onoi/tesa",
            "version": "0.1.0",
            "source": {
                "type": "git",
                "url": "https://github.com/onoi/tesa.git",
                "reference": "c8a07ca8738cf6d644e83d10ba2cb1ef93dffa7d"
            },
            "dist": {
                "type": "zip",
                "url": "https://api.github.com/repos/onoi/tesa/zipball/c8a07ca8738cf6d644e83d10ba2cb1ef93dffa7d",
                "reference": "c8a07ca8738cf6d644e83d10ba2cb1ef93dffa7d",
                "shasum": ""
            },
            "require": {
                "ext-mbstring": "*",
                "php": ">=5.3.2",
                "wikimedia/cdb": "~1.0",
                "wikimedia/textcat": "~1.1"
            },
            "type": "library",
            "autoload": {
                "psr-4": {
                    "Onoi\\Tesa\\": "src/"
                }
            },
            "notification-url": "https://packagist.org/downloads/",
            "license": [
                "GPL-2.0+"
            ],
            "authors": [
                {
                    "name": "mwjames",
                    "homepage": "https://github.com/mwjames"
                }
            ],
            "description": "A simple library to sanitize text elements",
            "homepage": "https://github.com/onoi/tesa",
            "keywords": [
                "transliteration"
            ],
            "time": "2016-08-07T10:40:08+00:00"
        },
        {
            "name": "param-processor/param-processor",
            "version": "1.3.2",
            "source": {
                "type": "git",
                "url": "https://github.com/JeroenDeDauw/ParamProcessor.git",
                "reference": "28965e968a4e6f246d60467a9eabe090031a2d95"
            },
            "dist": {
                "type": "zip",
                "url": "https://api.github.com/repos/JeroenDeDauw/ParamProcessor/zipball/28965e968a4e6f246d60467a9eabe090031a2d95",
                "reference": "28965e968a4e6f246d60467a9eabe090031a2d95",
                "shasum": ""
            },
            "require": {
                "data-values/common": "~0.3.0|~0.2.2",
                "data-values/data-values": "~1.0|~0.1.1",
                "data-values/interfaces": "~0.2.0|~0.1.4",
                "data-values/validators": "~0.1.1",
                "php": ">=5.5.0"
            },
            "require-dev": {
                "ockcyp/covers-validator": "~0.4",
                "phpmd/phpmd": "~2.1",
                "phpunit/phpunit": "~5.4|~4.8",
                "squizlabs/php_codesniffer": "~2.1"
            },
            "type": "library",
            "extra": {
                "branch-alias": {
                    "dev-master": "1.3.x-dev"
                }
            },
            "autoload": {
                "psr-4": {
                    "ParamProcessor\\": "src"
                },
                "classmap": [
                    "tests/phpunit/Definitions/ParamDefinitionTest.php",
                    "tests/phpunit/Definitions/NumericParamTest.php"
                ],
                "files": [
                    "DefaultConfig.php"
                ]
            },
            "notification-url": "https://packagist.org/downloads/",
            "license": [
                "GPL-2.0+"
            ],
            "authors": [
                {
                    "name": "Jeroen De Dauw",
                    "email": "jeroendedauw@gmail.com",
                    "homepage": "http://jeroendedauw.com",
                    "role": "Developer"
                }
            ],
            "description": "Parameter processing library",
            "homepage": "https://github.com/JeroenDeDauw/ParamProcessor",
            "keywords": [
                "ParamProcessor",
                "SMW",
                "Semantic MediaWiki",
                "mediawiki",
                "validator"
            ],
            "time": "2017-03-26T00:20:55+00:00"
        },
        {
            "name": "psr/log",
            "version": "1.0.2",
            "source": {
                "type": "git",
                "url": "https://github.com/php-fig/log.git",
                "reference": "4ebe3a8bf773a19edfe0a84b6585ba3d401b724d"
            },
            "dist": {
                "type": "zip",
                "url": "https://api.github.com/repos/php-fig/log/zipball/4ebe3a8bf773a19edfe0a84b6585ba3d401b724d",
                "reference": "4ebe3a8bf773a19edfe0a84b6585ba3d401b724d",
                "shasum": ""
            },
            "require": {
                "php": ">=5.3.0"
            },
            "type": "library",
            "extra": {
                "branch-alias": {
                    "dev-master": "1.0.x-dev"
                }
            },
            "autoload": {
                "psr-4": {
                    "Psr\\Log\\": "Psr/Log/"
                }
            },
            "notification-url": "https://packagist.org/downloads/",
            "license": [
                "MIT"
            ],
            "authors": [
                {
                    "name": "PHP-FIG",
                    "homepage": "http://www.php-fig.org/"
                }
            ],
            "description": "Common interface for logging libraries",
            "homepage": "https://github.com/php-fig/log",
            "keywords": [
                "log",
                "psr",
                "psr-3"
            ],
            "time": "2016-10-10T12:19:37+00:00"
        },
        {
            "name": "serialization/serialization",
            "version": "3.2.1",
            "source": {
                "type": "git",
                "url": "https://github.com/wmde/Serialization.git",
                "reference": "8e06ec58c8f52079942c9cb2f30b2260f62dc1f4"
            },
            "dist": {
                "type": "zip",
                "url": "https://api.github.com/repos/wmde/Serialization/zipball/8e06ec58c8f52079942c9cb2f30b2260f62dc1f4",
                "reference": "8e06ec58c8f52079942c9cb2f30b2260f62dc1f4",
                "shasum": ""
            },
            "require": {
                "php": ">=5.3.0"
            },
            "type": "library",
            "extra": {
                "branch-alias": {
                    "dev-master": "3.2.x-dev"
                }
            },
            "autoload": {
                "files": [
                    "Serialization.php"
                ],
                "psr-4": {
                    "Deserializers\\": "src/Deserializers/",
                    "Serializers\\": "src/Serializers/"
                }
            },
            "notification-url": "https://packagist.org/downloads/",
            "license": [
                "GPL-2.0+"
            ],
            "authors": [
                {
                    "name": "Jeroen De Dauw",
                    "email": "jeroendedauw@gmail.com",
                    "homepage": "http://jeroendedauw.com",
                    "role": "Developer"
                }
            ],
            "description": "Library defining a Serializer and a Deserializer interface and basic utilities",
            "homepage": "https://github.com/wmde/Serialization",
            "keywords": [
                "deserialization",
                "deserializer",
                "serialization",
                "serializer",
                "unserialization",
                "wikidata"
            ],
            "time": "2014-08-19T01:53:31+00:00"
        },
        {
            "name": "wikimedia/cdb",
            "version": "1.4.1",
            "source": {
                "type": "git",
                "url": "https://github.com/wikimedia/cdb.git",
                "reference": "d49d96232f045311dc1f21bf0d7e40adf82a1f1d"
            },
            "dist": {
                "type": "zip",
                "url": "https://api.github.com/repos/wikimedia/cdb/zipball/d49d96232f045311dc1f21bf0d7e40adf82a1f1d",
                "reference": "d49d96232f045311dc1f21bf0d7e40adf82a1f1d",
                "shasum": ""
            },
            "require": {
                "php": ">=5.3.2"
            },
            "require-dev": {
                "jakub-onderka/php-parallel-lint": "0.9",
                "mediawiki/mediawiki-codesniffer": "0.5.0",
                "phpunit/phpunit": "4.6.*"
            },
            "type": "library",
            "autoload": {
                "classmap": [
                    "src/"
                ]
            },
            "notification-url": "https://packagist.org/downloads/",
            "license": [
                "GPL-2.0+"
            ],
            "authors": [
                {
                    "name": "Daniel Kinzler"
                },
                {
                    "name": "Tim Starling",
                    "email": "tstarling@wikimedia.org"
                },
                {
                    "name": "Chad Horohoe",
                    "email": "chad@wikimedia.org"
                },
                {
                    "name": "Ori Livneh",
                    "email": "ori@wikimedia.org"
                }
            ],
            "description": "Constant Database (CDB) wrapper library for PHP. Provides pure-PHP fallback when dba_* functions are absent.",
            "homepage": "https://www.mediawiki.org/wiki/CDB",
            "time": "2016-05-29T07:39:26+00:00"
        },
        {
            "name": "wikimedia/textcat",
            "version": "1.2.0",
            "source": {
                "type": "git",
                "url": "https://github.com/wikimedia/wikimedia-textcat.git",
                "reference": "17818e14cf31c99f43a3c9bdd09a4d6e2914883f"
            },
            "dist": {
                "type": "zip",
                "url": "https://api.github.com/repos/wikimedia/wikimedia-textcat/zipball/17818e14cf31c99f43a3c9bdd09a4d6e2914883f",
                "reference": "17818e14cf31c99f43a3c9bdd09a4d6e2914883f",
                "shasum": ""
            },
            "require": {
                "php": ">=5.3.0"
            },
            "require-dev": {
                "jakub-onderka/php-parallel-lint": "0.9",
                "mediawiki/mediawiki-codesniffer": "0.5.0",
                "phpunit/phpunit": "4.6.*"
            },
            "type": "library",
            "autoload": {
                "psr-0": {
                    "TextCat": ""
                }
            },
            "notification-url": "https://packagist.org/downloads/",
            "license": [
                "LGPL-2.1"
            ],
            "authors": [
                {
                    "name": "Stanislav Malyshev",
                    "email": "smalyshev@wikimedia.org"
                },
                {
                    "name": "Trey Jones",
                    "email": "tjones@wikimedia.org"
                }
            ],
            "description": "PHP port of the TextCat language guesser utility, see http://odur.let.rug.nl/~vannoord/TextCat/.",
            "time": "2017-01-23T16:52:10+00:00"
        }
    ],
    "packages-dev": [],
    "aliases": [],
    "minimum-stability": "stable",
    "stability-flags": [],
    "prefer-stable": false,
    "prefer-lowest": false,
    "platform": [],
    "platform-dev": []
}
